PODS:
  - FloatingPanel (2.4.0)
  - SDWebImage (5.11.1):
    - SDWebImage/Core (= 5.11.1)
  - SDWebImage/Core (5.11.1)

DEPENDENCIES:
  - FloatingPanel
  - SDWebImage

SPEC REPOS:
  trunk:
    - FloatingPanel
    - SDWebImage

SPEC CHECKSUMS:
  FloatingPanel: fa60183672ed86313b9e241e34465e82211260e8
  SDWebImage: a7f831e1a65eb5e285e3fb046a23fcfbf08e696d

PODFILE CHECKSUM: 99e9866ba6d0dc7b7200c82986988529d860fd80

COCOAPODS: 1.10.1
